
Microsoft Visual Studio Solution File, Format Version 12.00
# Visual Studio Version 17
VisualStudioVersion = 17.3.32929.385
MinimumVisualStudioVersion = 10.0.40219.1
Project("{2150E333-8FDC-42A3-9474-1A3956D46DE8}") = "Tests", "Tests", "{533683F1-B92C-4149-A2AD-6045623BC6D8}"
EndProject
Project("{2150E333-8FDC-42A3-9474-1A3956D46DE8}") = "Solution Items", "Solution Items", "{61D8718E-3846-45BA-8C09-4DEEA5CC8308}"
	ProjectSection(SolutionItems) = preProject
		.editorconfig = .editorconfig
		.gitignore = .gitignore
		azure-pipelines.yml = azure-pipelines.yml
		Readme.md = Readme.md
	EndProjectSection
EndProject
Project("{2150E333-8FDC-42A3-9474-1A3956D46DE8}") = "Samples", "Samples", "{B4613546-1A47-42F4-BC07-60AD3743F4D8}"
EndProject
Project("{9A19103F-16F7-4668-BE54-9A1E7A4F7556}") = "ObservableViewSample", "Samples\ObservableViewSample\ObservableViewSample.csproj", "{3DE0E72E-890A-418C-A41E-B5E7F053E450}"
EndProject
Project("{9A19103F-16F7-4668-BE54-9A1E7A4F7556}") = "ObservableView.Tests", "Tests\ObservableView.Tests\ObservableView.Tests.csproj", "{153BBBA9-168C-4766-B6AF-6C45A2F4379D}"
EndProject
Project("{9A19103F-16F7-4668-BE54-9A1E7A4F7556}") = "ObservableView", "ObservableView\ObservableView.csproj", "{56B33010-1E3D-4B12-8C07-2E5327DCF37A}"
EndProject
Project("{9A19103F-16F7-4668-BE54-9A1E7A4F7556}") = "MauiSampleApp", "Samples\MauiSampleApp\MauiSampleApp.csproj", "{7AF41242-C12B-49AE-9763-F477016352A2}"
EndProject
Project("{9A19103F-16F7-4668-BE54-9A1E7A4F7556}") = "WpfSampleApp", "Samples\WpfSampleApp\WpfSampleApp.csproj", "{821E6F28-B953-41F9-8A79-3A313F412D23}"
EndProject
Global
	GlobalSection(SolutionConfigurationPlatforms) = preSolution
		Ad-Hoc|Any CPU = Ad-Hoc|Any CPU
		Ad-Hoc|ARM = Ad-Hoc|ARM
		Ad-Hoc|iPhone = Ad-Hoc|iPhone
		Ad-Hoc|iPhoneSimulator = Ad-Hoc|iPhoneSimulator
		Ad-Hoc|x64 = Ad-Hoc|x64
		Ad-Hoc|x86 = Ad-Hoc|x86
		AppStore|Any CPU = AppStore|Any CPU
		AppStore|ARM = AppStore|ARM
		AppStore|iPhone = AppStore|iPhone
		AppStore|iPhoneSimulator = AppStore|iPhoneSimulator
		AppStore|x64 = AppStore|x64
		AppStore|x86 = AppStore|x86
		Debug|Any CPU = Debug|Any CPU
		Debug|ARM = Debug|ARM
		Debug|iPhone = Debug|iPhone
		Debug|iPhoneSimulator = Debug|iPhoneSimulator
		Debug|x64 = Debug|x64
		Debug|x86 = Debug|x86
		Release|Any CPU = Release|Any CPU
		Release|ARM = Release|ARM
		Release|iPhone = Release|iPhone
		Release|iPhoneSimulator = Release|iPhoneSimulator
		Release|x64 = Release|x64
		Release|x86 = Release|x86
	EndGlobalSection
	GlobalSection(ProjectConfigurationPlatforms) = postSolution
		{3DE0E72E-890A-418C-A41E-B5E7F053E450}.Ad-Hoc|Any CPU.ActiveCfg = Debug|Any CPU
		{3DE0E72E-890A-418C-A41E-B5E7F053E450}.Ad-Hoc|Any CPU.Build.0 = Debug|Any CPU
		{3DE0E72E-890A-418C-A41E-B5E7F053E450}.Ad-Hoc|ARM.ActiveCfg = Debug|Any CPU
		{3DE0E72E-890A-418C-A41E-B5E7F053E450}.Ad-Hoc|ARM.Build.0 = Debug|Any CPU
		{3DE0E72E-890A-418C-A41E-B5E7F053E450}.Ad-Hoc|iPhone.ActiveCfg = Debug|Any CPU
		{3DE0E72E-890A-418C-A41E-B5E7F053E450}.Ad-Hoc|iPhone.Build.0 = Debug|Any CPU
		{3DE0E72E-890A-418C-A41E-B5E7F053E450}.Ad-Hoc|iPhoneSimulator.ActiveCfg = Debug|Any CPU
		{3DE0E72E-890A-418C-A41E-B5E7F053E450}.Ad-Hoc|iPhoneSimulator.Build.0 = Debug|Any CPU
		{3DE0E72E-890A-418C-A41E-B5E7F053E450}.Ad-Hoc|x64.ActiveCfg = Debug|Any CPU
		{3DE0E72E-890A-418C-A41E-B5E7F053E450}.Ad-Hoc|x64.Build.0 = Debug|Any CPU
		{3DE0E72E-890A-418C-A41E-B5E7F053E450}.Ad-Hoc|x86.ActiveCfg = Debug|Any CPU
		{3DE0E72E-890A-418C-A41E-B5E7F053E450}.Ad-Hoc|x86.Build.0 = Debug|Any CPU
		{3DE0E72E-890A-418C-A41E-B5E7F053E450}.AppStore|Any CPU.ActiveCfg = Debug|Any CPU
		{3DE0E72E-890A-418C-A41E-B5E7F053E450}.AppStore|Any CPU.Build.0 = Debug|Any CPU
		{3DE0E72E-890A-418C-A41E-B5E7F053E450}.AppStore|ARM.ActiveCfg = Debug|Any CPU
		{3DE0E72E-890A-418C-A41E-B5E7F053E450}.AppStore|ARM.Build.0 = Debug|Any CPU
		{3DE0E72E-890A-418C-A41E-B5E7F053E450}.AppStore|iPhone.ActiveCfg = Debug|Any CPU
		{3DE0E72E-890A-418C-A41E-B5E7F053E450}.AppStore|iPhone.Build.0 = Debug|Any CPU
		{3DE0E72E-890A-418C-A41E-B5E7F053E450}.AppStore|iPhoneSimulator.ActiveCfg = Debug|Any CPU
		{3DE0E72E-890A-418C-A41E-B5E7F053E450}.AppStore|iPhoneSimulator.Build.0 = Debug|Any CPU
		{3DE0E72E-890A-418C-A41E-B5E7F053E450}.AppStore|x64.ActiveCfg = Debug|Any CPU
		{3DE0E72E-890A-418C-A41E-B5E7F053E450}.AppStore|x64.Build.0 = Debug|Any CPU
		{3DE0E72E-890A-418C-A41E-B5E7F053E450}.AppStore|x86.ActiveCfg = Debug|Any CPU
		{3DE0E72E-890A-418C-A41E-B5E7F053E450}.AppStore|x86.Build.0 = Debug|Any CPU
		{3DE0E72E-890A-418C-A41E-B5E7F053E450}.Debug|Any CPU.ActiveCfg = Debug|Any CPU
		{3DE0E72E-890A-418C-A41E-B5E7F053E450}.Debug|Any CPU.Build.0 = Debug|Any CPU
		{3DE0E72E-890A-418C-A41E-B5E7F053E450}.Debug|ARM.ActiveCfg = Debug|Any CPU
		{3DE0E72E-890A-418C-A41E-B5E7F053E450}.Debug|ARM.Build.0 = Debug|Any CPU
		{3DE0E72E-890A-418C-A41E-B5E7F053E450}.Debug|iPhone.ActiveCfg = Debug|Any CPU
		{3DE0E72E-890A-418C-A41E-B5E7F053E450}.Debug|iPhone.Build.0 = Debug|Any CPU
		{3DE0E72E-890A-418C-A41E-B5E7F053E450}.Debug|iPhoneSimulator.ActiveCfg = Debug|Any CPU
		{3DE0E72E-890A-418C-A41E-B5E7F053E450}.Debug|iPhoneSimulator.Build.0 = Debug|Any CPU
		{3DE0E72E-890A-418C-A41E-B5E7F053E450}.Debug|x64.ActiveCfg = Debug|Any CPU
		{3DE0E72E-890A-418C-A41E-B5E7F053E450}.Debug|x64.Build.0 = Debug|Any CPU
		{3DE0E72E-890A-418C-A41E-B5E7F053E450}.Debug|x86.ActiveCfg = Debug|Any CPU
		{3DE0E72E-890A-418C-A41E-B5E7F053E450}.Debug|x86.Build.0 = Debug|Any CPU
		{3DE0E72E-890A-418C-A41E-B5E7F053E450}.Release|Any CPU.ActiveCfg = Release|Any CPU
		{3DE0E72E-890A-418C-A41E-B5E7F053E450}.Release|Any CPU.Build.0 = Release|Any CPU
		{3DE0E72E-890A-418C-A41E-B5E7F053E450}.Release|ARM.ActiveCfg = Release|Any CPU
		{3DE0E72E-890A-418C-A41E-B5E7F053E450}.Release|ARM.Build.0 = Release|Any CPU
		{3DE0E72E-890A-418C-A41E-B5E7F053E450}.Release|iPhone.ActiveCfg = Release|Any CPU
		{3DE0E72E-890A-418C-A41E-B5E7F053E450}.Release|iPhone.Build.0 = Release|Any CPU
		{3DE0E72E-890A-418C-A41E-B5E7F053E450}.Release|iPhoneSimulator.ActiveCfg = Release|Any CPU
		{3DE0E72E-890A-418C-A41E-B5E7F053E450}.Release|iPhoneSimulator.Build.0 = Release|Any CPU
		{3DE0E72E-890A-418C-A41E-B5E7F053E450}.Release|x64.ActiveCfg = Release|Any CPU
		{3DE0E72E-890A-418C-A41E-B5E7F053E450}.Release|x64.Build.0 = Release|Any CPU
		{3DE0E72E-890A-418C-A41E-B5E7F053E450}.Release|x86.ActiveCfg = Release|Any CPU
		{3DE0E72E-890A-418C-A41E-B5E7F053E450}.Release|x86.Build.0 = Release|Any CPU
		{153BBBA9-168C-4766-B6AF-6C45A2F4379D}.Ad-Hoc|Any CPU.ActiveCfg = Debug|Any CPU
		{153BBBA9-168C-4766-B6AF-6C45A2F4379D}.Ad-Hoc|Any CPU.Build.0 = Debug|Any CPU
		{153BBBA9-168C-4766-B6AF-6C45A2F4379D}.Ad-Hoc|ARM.ActiveCfg = Debug|Any CPU
		{153BBBA9-168C-4766-B6AF-6C45A2F4379D}.Ad-Hoc|ARM.Build.0 = Debug|Any CPU
		{153BBBA9-168C-4766-B6AF-6C45A2F4379D}.Ad-Hoc|iPhone.ActiveCfg = Debug|Any CPU
		{153BBBA9-168C-4766-B6AF-6C45A2F4379D}.Ad-Hoc|iPhone.Build.0 = Debug|Any CPU
		{153BBBA9-168C-4766-B6AF-6C45A2F4379D}.Ad-Hoc|iPhoneSimulator.ActiveCfg = Debug|Any CPU
		{153BBBA9-168C-4766-B6AF-6C45A2F4379D}.Ad-Hoc|iPhoneSimulator.Build.0 = Debug|Any CPU
		{153BBBA9-168C-4766-B6AF-6C45A2F4379D}.Ad-Hoc|x64.ActiveCfg = Debug|Any CPU
		{153BBBA9-168C-4766-B6AF-6C45A2F4379D}.Ad-Hoc|x64.Build.0 = Debug|Any CPU
		{153BBBA9-168C-4766-B6AF-6C45A2F4379D}.Ad-Hoc|x86.ActiveCfg = Debug|Any CPU
		{153BBBA9-168C-4766-B6AF-6C45A2F4379D}.Ad-Hoc|x86.Build.0 = Debug|Any CPU
		{153BBBA9-168C-4766-B6AF-6C45A2F4379D}.AppStore|Any CPU.ActiveCfg = Debug|Any CPU
		{153BBBA9-168C-4766-B6AF-6C45A2F4379D}.AppStore|Any CPU.Build.0 = Debug|Any CPU
		{153BBBA9-168C-4766-B6AF-6C45A2F4379D}.AppStore|ARM.ActiveCfg = Debug|Any CPU
		{153BBBA9-168C-4766-B6AF-6C45A2F4379D}.AppStore|ARM.Build.0 = Debug|Any CPU
		{153BBBA9-168C-4766-B6AF-6C45A2F4379D}.AppStore|iPhone.ActiveCfg = Debug|Any CPU
		{153BBBA9-168C-4766-B6AF-6C45A2F4379D}.AppStore|iPhone.Build.0 = Debug|Any CPU
		{153BBBA9-168C-4766-B6AF-6C45A2F4379D}.AppStore|iPhoneSimulator.ActiveCfg = Debug|Any CPU
		{153BBBA9-168C-4766-B6AF-6C45A2F4379D}.AppStore|iPhoneSimulator.Build.0 = Debug|Any CPU
		{153BBBA9-168C-4766-B6AF-6C45A2F4379D}.AppStore|x64.ActiveCfg = Debug|Any CPU
		{153BBBA9-168C-4766-B6AF-6C45A2F4379D}.AppStore|x64.Build.0 = Debug|Any CPU
		{153BBBA9-168C-4766-B6AF-6C45A2F4379D}.AppStore|x86.ActiveCfg = Debug|Any CPU
		{153BBBA9-168C-4766-B6AF-6C45A2F4379D}.AppStore|x86.Build.0 = Debug|Any CPU
		{153BBBA9-168C-4766-B6AF-6C45A2F4379D}.Debug|Any CPU.ActiveCfg = Debug|Any CPU
		{153BBBA9-168C-4766-B6AF-6C45A2F4379D}.Debug|Any CPU.Build.0 = Debug|Any CPU
		{153BBBA9-168C-4766-B6AF-6C45A2F4379D}.Debug|ARM.ActiveCfg = Debug|Any CPU
		{153BBBA9-168C-4766-B6AF-6C45A2F4379D}.Debug|ARM.Build.0 = Debug|Any CPU
		{153BBBA9-168C-4766-B6AF-6C45A2F4379D}.Debug|iPhone.ActiveCfg = Debug|Any CPU
		{153BBBA9-168C-4766-B6AF-6C45A2F4379D}.Debug|iPhone.Build.0 = Debug|Any CPU
		{153BBBA9-168C-4766-B6AF-6C45A2F4379D}.Debug|iPhoneSimulator.ActiveCfg = Debug|Any CPU
		{153BBBA9-168C-4766-B6AF-6C45A2F4379D}.Debug|iPhoneSimulator.Build.0 = Debug|Any CPU
		{153BBBA9-168C-4766-B6AF-6C45A2F4379D}.Debug|x64.ActiveCfg = Debug|Any CPU
		{153BBBA9-168C-4766-B6AF-6C45A2F4379D}.Debug|x64.Build.0 = Debug|Any CPU
		{153BBBA9-168C-4766-B6AF-6C45A2F4379D}.Debug|x86.ActiveCfg = Debug|Any CPU
		{153BBBA9-168C-4766-B6AF-6C45A2F4379D}.Debug|x86.Build.0 = Debug|Any CPU
		{153BBBA9-168C-4766-B6AF-6C45A2F4379D}.Release|Any CPU.ActiveCfg = Release|Any CPU
		{153BBBA9-168C-4766-B6AF-6C45A2F4379D}.Release|Any CPU.Build.0 = Release|Any CPU
		{153BBBA9-168C-4766-B6AF-6C45A2F4379D}.Release|ARM.ActiveCfg = Release|Any CPU
		{153BBBA9-168C-4766-B6AF-6C45A2F4379D}.Release|ARM.Build.0 = Release|Any CPU
		{153BBBA9-168C-4766-B6AF-6C45A2F4379D}.Release|iPhone.ActiveCfg = Release|Any CPU
		{153BBBA9-168C-4766-B6AF-6C45A2F4379D}.Release|iPhone.Build.0 = Release|Any CPU
		{153BBBA9-168C-4766-B6AF-6C45A2F4379D}.Release|iPhoneSimulator.ActiveCfg = Release|Any CPU
		{153BBBA9-168C-4766-B6AF-6C45A2F4379D}.Release|iPhoneSimulator.Build.0 = Release|Any CPU
		{153BBBA9-168C-4766-B6AF-6C45A2F4379D}.Release|x64.ActiveCfg = Release|Any CPU
		{153BBBA9-168C-4766-B6AF-6C45A2F4379D}.Release|x64.Build.0 = Release|Any CPU
		{153BBBA9-168C-4766-B6AF-6C45A2F4379D}.Release|x86.ActiveCfg = Release|Any CPU
		{153BBBA9-168C-4766-B6AF-6C45A2F4379D}.Release|x86.Build.0 = Release|Any CPU
		{56B33010-1E3D-4B12-8C07-2E5327DCF37A}.Ad-Hoc|Any CPU.ActiveCfg = Debug|Any CPU
		{56B33010-1E3D-4B12-8C07-2E5327DCF37A}.Ad-Hoc|Any CPU.Build.0 = Debug|Any CPU
		{56B33010-1E3D-4B12-8C07-2E5327DCF37A}.Ad-Hoc|ARM.ActiveCfg = Debug|Any CPU
		{56B33010-1E3D-4B12-8C07-2E5327DCF37A}.Ad-Hoc|ARM.Build.0 = Debug|Any CPU
		{56B33010-1E3D-4B12-8C07-2E5327DCF37A}.Ad-Hoc|iPhone.ActiveCfg = Debug|Any CPU
		{56B33010-1E3D-4B12-8C07-2E5327DCF37A}.Ad-Hoc|iPhone.Build.0 = Debug|Any CPU
		{56B33010-1E3D-4B12-8C07-2E5327DCF37A}.Ad-Hoc|iPhoneSimulator.ActiveCfg = Debug|Any CPU
		{56B33010-1E3D-4B12-8C07-2E5327DCF37A}.Ad-Hoc|iPhoneSimulator.Build.0 = Debug|Any CPU
		{56B33010-1E3D-4B12-8C07-2E5327DCF37A}.Ad-Hoc|x64.ActiveCfg = Debug|Any CPU
		{56B33010-1E3D-4B12-8C07-2E5327DCF37A}.Ad-Hoc|x64.Build.0 = Debug|Any CPU
		{56B33010-1E3D-4B12-8C07-2E5327DCF37A}.Ad-Hoc|x86.ActiveCfg = Debug|Any CPU
		{56B33010-1E3D-4B12-8C07-2E5327DCF37A}.Ad-Hoc|x86.Build.0 = Debug|Any CPU
		{56B33010-1E3D-4B12-8C07-2E5327DCF37A}.AppStore|Any CPU.ActiveCfg = Debug|Any CPU
		{56B33010-1E3D-4B12-8C07-2E5327DCF37A}.AppStore|Any CPU.Build.0 = Debug|Any CPU
		{56B33010-1E3D-4B12-8C07-2E5327DCF37A}.AppStore|ARM.ActiveCfg = Debug|Any CPU
		{56B33010-1E3D-4B12-8C07-2E5327DCF37A}.AppStore|ARM.Build.0 = Debug|Any CPU
		{56B33010-1E3D-4B12-8C07-2E5327DCF37A}.AppStore|iPhone.ActiveCfg = Debug|Any CPU
		{56B33010-1E3D-4B12-8C07-2E5327DCF37A}.AppStore|iPhone.Build.0 = Debug|Any CPU
		{56B33010-1E3D-4B12-8C07-2E5327DCF37A}.AppStore|iPhoneSimulator.ActiveCfg = Debug|Any CPU
		{56B33010-1E3D-4B12-8C07-2E5327DCF37A}.AppStore|iPhoneSimulator.Build.0 = Debug|Any CPU
		{56B33010-1E3D-4B12-8C07-2E5327DCF37A}.AppStore|x64.ActiveCfg = Debug|Any CPU
		{56B33010-1E3D-4B12-8C07-2E5327DCF37A}.AppStore|x64.Build.0 = Debug|Any CPU
		{56B33010-1E3D-4B12-8C07-2E5327DCF37A}.AppStore|x86.ActiveCfg = Debug|Any CPU
		{56B33010-1E3D-4B12-8C07-2E5327DCF37A}.AppStore|x86.Build.0 = Debug|Any CPU
		{56B33010-1E3D-4B12-8C07-2E5327DCF37A}.Debug|Any CPU.ActiveCfg = Debug|Any CPU
		{56B33010-1E3D-4B12-8C07-2E5327DCF37A}.Debug|Any CPU.Build.0 = Debug|Any CPU
		{56B33010-1E3D-4B12-8C07-2E5327DCF37A}.Debug|ARM.ActiveCfg = Debug|Any CPU
		{56B33010-1E3D-4B12-8C07-2E5327DCF37A}.Debug|ARM.Build.0 = Debug|Any CPU
		{56B33010-1E3D-4B12-8C07-2E5327DCF37A}.Debug|iPhone.ActiveCfg = Debug|Any CPU
		{56B33010-1E3D-4B12-8C07-2E5327DCF37A}.Debug|iPhone.Build.0 = Debug|Any CPU
		{56B33010-1E3D-4B12-8C07-2E5327DCF37A}.Debug|iPhoneSimulator.ActiveCfg = Debug|Any CPU
		{56B33010-1E3D-4B12-8C07-2E5327DCF37A}.Debug|iPhoneSimulator.Build.0 = Debug|Any CPU
		{56B33010-1E3D-4B12-8C07-2E5327DCF37A}.Debug|x64.ActiveCfg = Debug|Any CPU
		{56B33010-1E3D-4B12-8C07-2E5327DCF37A}.Debug|x64.Build.0 = Debug|Any CPU
		{56B33010-1E3D-4B12-8C07-2E5327DCF37A}.Debug|x86.ActiveCfg = Debug|Any CPU
		{56B33010-1E3D-4B12-8C07-2E5327DCF37A}.Debug|x86.Build.0 = Debug|Any CPU
		{56B33010-1E3D-4B12-8C07-2E5327DCF37A}.Release|Any CPU.ActiveCfg = Release|Any CPU
		{56B33010-1E3D-4B12-8C07-2E5327DCF37A}.Release|Any CPU.Build.0 = Release|Any CPU
		{56B33010-1E3D-4B12-8C07-2E5327DCF37A}.Release|ARM.ActiveCfg = Release|Any CPU
		{56B33010-1E3D-4B12-8C07-2E5327DCF37A}.Release|ARM.Build.0 = Release|Any CPU
		{56B33010-1E3D-4B12-8C07-2E5327DCF37A}.Release|iPhone.ActiveCfg = Release|Any CPU
		{56B33010-1E3D-4B12-8C07-2E5327DCF37A}.Release|iPhone.Build.0 = Release|Any CPU
		{56B33010-1E3D-4B12-8C07-2E5327DCF37A}.Release|iPhoneSimulator.ActiveCfg = Release|Any CPU
		{56B33010-1E3D-4B12-8C07-2E5327DCF37A}.Release|iPhoneSimulator.Build.0 = Release|Any CPU
		{56B33010-1E3D-4B12-8C07-2E5327DCF37A}.Release|x64.ActiveCfg = Release|Any CPU
		{56B33010-1E3D-4B12-8C07-2E5327DCF37A}.Release|x64.Build.0 = Release|Any CPU
		{56B33010-1E3D-4B12-8C07-2E5327DCF37A}.Release|x86.ActiveCfg = Release|Any CPU
		{56B33010-1E3D-4B12-8C07-2E5327DCF37A}.Release|x86.Build.0 = Release|Any CPU
		{7AF41242-C12B-49AE-9763-F477016352A2}.Ad-Hoc|Any CPU.ActiveCfg = Debug|Any CPU
		{7AF41242-C12B-49AE-9763-F477016352A2}.Ad-Hoc|Any CPU.Build.0 = Debug|Any CPU
		{7AF41242-C12B-49AE-9763-F477016352A2}.Ad-Hoc|Any CPU.Deploy.0 = Debug|Any CPU
		{7AF41242-C12B-49AE-9763-F477016352A2}.Ad-Hoc|ARM.ActiveCfg = Debug|Any CPU
		{7AF41242-C12B-49AE-9763-F477016352A2}.Ad-Hoc|ARM.Build.0 = Debug|Any CPU
		{7AF41242-C12B-49AE-9763-F477016352A2}.Ad-Hoc|ARM.Deploy.0 = Debug|Any CPU
		{7AF41242-C12B-49AE-9763-F477016352A2}.Ad-Hoc|iPhone.ActiveCfg = Debug|Any CPU
		{7AF41242-C12B-49AE-9763-F477016352A2}.Ad-Hoc|iPhone.Build.0 = Debug|Any CPU
		{7AF41242-C12B-49AE-9763-F477016352A2}.Ad-Hoc|iPhone.Deploy.0 = Debug|Any CPU
		{7AF41242-C12B-49AE-9763-F477016352A2}.Ad-Hoc|iPhoneSimulator.ActiveCfg = Debug|Any CPU
		{7AF41242-C12B-49AE-9763-F477016352A2}.Ad-Hoc|iPhoneSimulator.Build.0 = Debug|Any CPU
		{7AF41242-C12B-49AE-9763-F477016352A2}.Ad-Hoc|iPhoneSimulator.Deploy.0 = Debug|Any CPU
		{7AF41242-C12B-49AE-9763-F477016352A2}.Ad-Hoc|x64.ActiveCfg = Debug|Any CPU
		{7AF41242-C12B-49AE-9763-F477016352A2}.Ad-Hoc|x64.Build.0 = Debug|Any CPU
		{7AF41242-C12B-49AE-9763-F477016352A2}.Ad-Hoc|x64.Deploy.0 = Debug|Any CPU
		{7AF41242-C12B-49AE-9763-F477016352A2}.Ad-Hoc|x86.ActiveCfg = Debug|Any CPU
		{7AF41242-C12B-49AE-9763-F477016352A2}.Ad-Hoc|x86.Build.0 = Debug|Any CPU
		{7AF41242-C12B-49AE-9763-F477016352A2}.Ad-Hoc|x86.Deploy.0 = Debug|Any CPU
		{7AF41242-C12B-49AE-9763-F477016352A2}.AppStore|Any CPU.ActiveCfg = Debug|Any CPU
		{7AF41242-C12B-49AE-9763-F477016352A2}.AppStore|Any CPU.Build.0 = Debug|Any CPU
		{7AF41242-C12B-49AE-9763-F477016352A2}.AppStore|Any CPU.Deploy.0 = Debug|Any CPU
		{7AF41242-C12B-49AE-9763-F477016352A2}.AppStore|ARM.ActiveCfg = Debug|Any CPU
		{7AF41242-C12B-49AE-9763-F477016352A2}.AppStore|ARM.Build.0 = Debug|Any CPU
		{7AF41242-C12B-49AE-9763-F477016352A2}.AppStore|ARM.Deploy.0 = Debug|Any CPU
		{7AF41242-C12B-49AE-9763-F477016352A2}.AppStore|iPhone.ActiveCfg = Debug|Any CPU
		{7AF41242-C12B-49AE-9763-F477016352A2}.AppStore|iPhone.Build.0 = Debug|Any CPU
		{7AF41242-C12B-49AE-9763-F477016352A2}.AppStore|iPhone.Deploy.0 = Debug|Any CPU
		{7AF41242-C12B-49AE-9763-F477016352A2}.AppStore|iPhoneSimulator.ActiveCfg = Debug|Any CPU
		{7AF41242-C12B-49AE-9763-F477016352A2}.AppStore|iPhoneSimulator.Build.0 = Debug|Any CPU
		{7AF41242-C12B-49AE-9763-F477016352A2}.AppStore|iPhoneSimulator.Deploy.0 = Debug|Any CPU
		{7AF41242-C12B-49AE-9763-F477016352A2}.AppStore|x64.ActiveCfg = Debug|Any CPU
		{7AF41242-C12B-49AE-9763-F477016352A2}.AppStore|x64.Build.0 = Debug|Any CPU
		{7AF41242-C12B-49AE-9763-F477016352A2}.AppStore|x64.Deploy.0 = Debug|Any CPU
		{7AF41242-C12B-49AE-9763-F477016352A2}.AppStore|x86.ActiveCfg = Debug|Any CPU
		{7AF41242-C12B-49AE-9763-F477016352A2}.AppStore|x86.Build.0 = Debug|Any CPU
		{7AF41242-C12B-49AE-9763-F477016352A2}.AppStore|x86.Deploy.0 = Debug|Any CPU
		{7AF41242-C12B-49AE-9763-F477016352A2}.Debug|Any CPU.ActiveCfg = Debug|Any CPU
		{7AF41242-C12B-49AE-9763-F477016352A2}.Debug|Any CPU.Build.0 = Debug|Any CPU
		{7AF41242-C12B-49AE-9763-F477016352A2}.Debug|Any CPU.Deploy.0 = Debug|Any CPU
		{7AF41242-C12B-49AE-9763-F477016352A2}.Debug|ARM.ActiveCfg = Debug|Any CPU
		{7AF41242-C12B-49AE-9763-F477016352A2}.Debug|ARM.Build.0 = Debug|Any CPU
		{7AF41242-C12B-49AE-9763-F477016352A2}.Debug|ARM.Deploy.0 = Debug|Any CPU
		{7AF41242-C12B-49AE-9763-F477016352A2}.Debug|iPhone.ActiveCfg = Debug|Any CPU
		{7AF41242-C12B-49AE-9763-F477016352A2}.Debug|iPhone.Build.0 = Debug|Any CPU
		{7AF41242-C12B-49AE-9763-F477016352A2}.Debug|iPhone.Deploy.0 = Debug|Any CPU
		{7AF41242-C12B-49AE-9763-F477016352A2}.Debug|iPhoneSimulator.ActiveCfg = Debug|Any CPU
		{7AF41242-C12B-49AE-9763-F477016352A2}.Debug|iPhoneSimulator.Build.0 = Debug|Any CPU
		{7AF41242-C12B-49AE-9763-F477016352A2}.Debug|iPhoneSimulator.Deploy.0 = Debug|Any CPU
		{7AF41242-C12B-49AE-9763-F477016352A2}.Debug|x64.ActiveCfg = Debug|Any CPU
		{7AF41242-C12B-49AE-9763-F477016352A2}.Debug|x64.Build.0 = Debug|Any CPU
		{7AF41242-C12B-49AE-9763-F477016352A2}.Debug|x64.Deploy.0 = Debug|Any CPU
		{7AF41242-C12B-49AE-9763-F477016352A2}.Debug|x86.ActiveCfg = Debug|Any CPU
		{7AF41242-C12B-49AE-9763-F477016352A2}.Debug|x86.Build.0 = Debug|Any CPU
		{7AF41242-C12B-49AE-9763-F477016352A2}.Debug|x86.Deploy.0 = Debug|Any CPU
		{7AF41242-C12B-49AE-9763-F477016352A2}.Release|Any CPU.ActiveCfg = Release|Any CPU
		{7AF41242-C12B-49AE-9763-F477016352A2}.Release|Any CPU.Build.0 = Release|Any CPU
		{7AF41242-C12B-49AE-9763-F477016352A2}.Release|Any CPU.Deploy.0 = Release|Any CPU
		{7AF41242-C12B-49AE-9763-F477016352A2}.Release|ARM.ActiveCfg = Release|Any CPU
		{7AF41242-C12B-49AE-9763-F477016352A2}.Release|ARM.Build.0 = Release|Any CPU
		{7AF41242-C12B-49AE-9763-F477016352A2}.Release|ARM.Deploy.0 = Release|Any CPU
		{7AF41242-C12B-49AE-9763-F477016352A2}.Release|iPhone.ActiveCfg = Release|Any CPU
		{7AF41242-C12B-49AE-9763-F477016352A2}.Release|iPhone.Build.0 = Release|Any CPU
		{7AF41242-C12B-49AE-9763-F477016352A2}.Release|iPhone.Deploy.0 = Release|Any CPU
		{7AF41242-C12B-49AE-9763-F477016352A2}.Release|iPhoneSimulator.ActiveCfg = Release|Any CPU
		{7AF41242-C12B-49AE-9763-F477016352A2}.Release|iPhoneSimulator.Build.0 = Release|Any CPU
		{7AF41242-C12B-49AE-9763-F477016352A2}.Release|iPhoneSimulator.Deploy.0 = Release|Any CPU
		{7AF41242-C12B-49AE-9763-F477016352A2}.Release|x64.ActiveCfg = Release|Any CPU
		{7AF41242-C12B-49AE-9763-F477016352A2}.Release|x64.Build.0 = Release|Any CPU
		{7AF41242-C12B-49AE-9763-F477016352A2}.Release|x64.Deploy.0 = Release|Any CPU
		{7AF41242-C12B-49AE-9763-F477016352A2}.Release|x86.ActiveCfg = Release|Any CPU
		{7AF41242-C12B-49AE-9763-F477016352A2}.Release|x86.Build.0 = Release|Any CPU
		{7AF41242-C12B-49AE-9763-F477016352A2}.Release|x86.Deploy.0 = Release|Any CPU
		{821E6F28-B953-41F9-8A79-3A313F412D23}.Ad-Hoc|Any CPU.ActiveCfg = Debug|Any CPU
		{821E6F28-B953-41F9-8A79-3A313F412D23}.Ad-Hoc|Any CPU.Build.0 = Debug|Any CPU
		{821E6F28-B953-41F9-8A79-3A313F412D23}.Ad-Hoc|ARM.ActiveCfg = Debug|Any CPU
		{821E6F28-B953-41F9-8A79-3A313F412D23}.Ad-Hoc|ARM.Build.0 = Debug|Any CPU
		{821E6F28-B953-41F9-8A79-3A313F412D23}.Ad-Hoc|iPhone.ActiveCfg = Debug|Any CPU
		{821E6F28-B953-41F9-8A79-3A313F412D23}.Ad-Hoc|iPhone.Build.0 = Debug|Any CPU
		{821E6F28-B953-41F9-8A79-3A313F412D23}.Ad-Hoc|iPhoneSimulator.ActiveCfg = Debug|Any CPU
		{821E6F28-B953-41F9-8A79-3A313F412D23}.Ad-Hoc|iPhoneSimulator.Build.0 = Debug|Any CPU
		{821E6F28-B953-41F9-8A79-3A313F412D23}.Ad-Hoc|x64.ActiveCfg = Debug|Any CPU
		{821E6F28-B953-41F9-8A79-3A313F412D23}.Ad-Hoc|x64.Build.0 = Debug|Any CPU
		{821E6F28-B953-41F9-8A79-3A313F412D23}.Ad-Hoc|x86.ActiveCfg = Debug|Any CPU
		{821E6F28-B953-41F9-8A79-3A313F412D23}.Ad-Hoc|x86.Build.0 = Debug|Any CPU
		{821E6F28-B953-41F9-8A79-3A313F412D23}.AppStore|Any CPU.ActiveCfg = Debug|Any CPU
		{821E6F28-B953-41F9-8A79-3A313F412D23}.AppStore|Any CPU.Build.0 = Debug|Any CPU
		{821E6F28-B953-41F9-8A79-3A313F412D23}.AppStore|ARM.ActiveCfg = Debug|Any CPU
		{821E6F28-B953-41F9-8A79-3A313F412D23}.AppStore|ARM.Build.0 = Debug|Any CPU
		{821E6F28-B953-41F9-8A79-3A313F412D23}.AppStore|iPhone.ActiveCfg = Debug|Any CPU
		{821E6F28-B953-41F9-8A79-3A313F412D23}.AppStore|iPhone.Build.0 = Debug|Any CPU
		{821E6F28-B953-41F9-8A79-3A313F412D23}.AppStore|iPhoneSimulator.ActiveCfg = Debug|Any CPU
		{821E6F28-B953-41F9-8A79-3A313F412D23}.AppStore|iPhoneSimulator.Build.0 = Debug|Any CPU
		{821E6F28-B953-41F9-8A79-3A313F412D23}.AppStore|x64.ActiveCfg = Debug|Any CPU
		{821E6F28-B953-41F9-8A79-3A313F412D23}.AppStore|x64.Build.0 = Debug|Any CPU
		{821E6F28-B953-41F9-8A79-3A313F412D23}.AppStore|x86.ActiveCfg = Debug|Any CPU
		{821E6F28-B953-41F9-8A79-3A313F412D23}.AppStore|x86.Build.0 = Debug|Any CPU
		{821E6F28-B953-41F9-8A79-3A313F412D23}.Debug|Any CPU.ActiveCfg = Debug|Any CPU
		{821E6F28-B953-41F9-8A79-3A313F412D23}.Debug|Any CPU.Build.0 = Debug|Any CPU
		{821E6F28-B953-41F9-8A79-3A313F412D23}.Debug|ARM.ActiveCfg = Debug|Any CPU
		{821E6F28-B953-41F9-8A79-3A313F412D23}.Debug|ARM.Build.0 = Debug|Any CPU
		{821E6F28-B953-41F9-8A79-3A313F412D23}.Debug|iPhone.ActiveCfg = Debug|Any CPU
		{821E6F28-B953-41F9-8A79-3A313F412D23}.Debug|iPhone.Build.0 = Debug|Any CPU
		{821E6F28-B953-41F9-8A79-3A313F412D23}.Debug|iPhoneSimulator.ActiveCfg = Debug|Any CPU
		{821E6F28-B953-41F9-8A79-3A313F412D23}.Debug|iPhoneSimulator.Build.0 = Debug|Any CPU
		{821E6F28-B953-41F9-8A79-3A313F412D23}.Debug|x64.ActiveCfg = Debug|Any CPU
		{821E6F28-B953-41F9-8A79-3A313F412D23}.Debug|x64.Build.0 = Debug|Any CPU
		{821E6F28-B953-41F9-8A79-3A313F412D23}.Debug|x86.ActiveCfg = Debug|Any CPU
		{821E6F28-B953-41F9-8A79-3A313F412D23}.Debug|x86.Build.0 = Debug|Any CPU
		{821E6F28-B953-41F9-8A79-3A313F412D23}.Release|Any CPU.ActiveCfg = Release|Any CPU
		{821E6F28-B953-41F9-8A79-3A313F412D23}.Release|Any CPU.Build.0 = Release|Any CPU
		{821E6F28-B953-41F9-8A79-3A313F412D23}.Release|ARM.ActiveCfg = Release|Any CPU
		{821E6F28-B953-41F9-8A79-3A313F412D23}.Release|ARM.Build.0 = Release|Any CPU
		{821E6F28-B953-41F9-8A79-3A313F412D23}.Release|iPhone.ActiveCfg = Release|Any CPU
		{821E6F28-B953-41F9-8A79-3A313F412D23}.Release|iPhone.Build.0 = Release|Any CPU
		{821E6F28-B953-41F9-8A79-3A313F412D23}.Release|iPhoneSimulator.ActiveCfg = Release|Any CPU
		{821E6F28-B953-41F9-8A79-3A313F412D23}.Release|iPhoneSimulator.Build.0 = Release|Any CPU
		{821E6F28-B953-41F9-8A79-3A313F412D23}.Release|x64.ActiveCfg = Release|Any CPU
		{821E6F28-B953-41F9-8A79-3A313F412D23}.Release|x64.Build.0 = Release|Any CPU
		{821E6F28-B953-41F9-8A79-3A313F412D23}.Release|x86.ActiveCfg = Release|Any CPU
		{821E6F28-B953-41F9-8A79-3A313F412D23}.Release|x86.Build.0 = Release|Any CPU
	EndGlobalSection
	GlobalSection(SolutionProperties) = preSolution
		HideSolutionNode = FALSE
	EndGlobalSection
	GlobalSection(NestedProjects) = preSolution
		{3DE0E72E-890A-418C-A41E-B5E7F053E450} = {B4613546-1A47-42F4-BC07-60AD3743F4D8}
		{153BBBA9-168C-4766-B6AF-6C45A2F4379D} = {533683F1-B92C-4149-A2AD-6045623BC6D8}
		{7AF41242-C12B-49AE-9763-F477016352A2} = {B4613546-1A47-42F4-BC07-60AD3743F4D8}
		{821E6F28-B953-41F9-8A79-3A313F412D23} = {B4613546-1A47-42F4-BC07-60AD3743F4D8}
	EndGlobalSection
	GlobalSection(ExtensibilityGlobals) = postSolution
		SolutionGuid = {FABF67E7-55E1-4F00-8CF1-EE2E6E6ABE80}
	EndGlobalSection
EndGlobal
