
Microsoft Visual Studio Solution File, Format Version 12.00
# Visual Studio 15
VisualStudioVersion = 15.0.28307.136
MinimumVisualStudioVersion = 10.0.40219.1
Project("{2150E333-8FDC-42A3-9474-1A3956D46DE8}") = "Tests", "Tests", "{533683F1-B92C-4149-A2AD-6045623BC6D8}"
EndProject
Project("{9A19103F-16F7-4668-BE54-9A1E7A4F7556}") = "ObservableView.Tests", "Tests\ObservableView.Tests\ObservableView.Tests.csproj", "{C99D79B8-EB49-4F3D-94EE-B7D0F172CB75}"
EndProject
Project("{2150E333-8FDC-42A3-9474-1A3956D46DE8}") = "Samples", "Samples", "{6A8A489A-4C74-498F-9664-DDB7600F8AC5}"
EndProject
Project("{FAE04EC0-301F-11D3-BF4B-00C04F79EFBC}") = "ObservableViewSample.WPF", "Samples\ObservableViewSample.WPF\ObservableViewSample.WPF.csproj", "{438799A2-BCC0-458D-88DC-E41A1C82AF22}"
EndProject
Project("{2150E333-8FDC-42A3-9474-1A3956D46DE8}") = "Solution Items", "Solution Items", "{61D8718E-3846-45BA-8C09-4DEEA5CC8308}"
	ProjectSection(SolutionItems) = preProject
		Package.nuspec = Package.nuspec
		Readme.md = Readme.md
	EndProjectSection
EndProject
Project("{9A19103F-16F7-4668-BE54-9A1E7A4F7556}") = "ObservableView", "ObservableView\ObservableView.csproj", "{F6ED6A22-FDBA-41B6-B22C-64345ED5E63D}"
EndProject
Project("{9A19103F-16F7-4668-BE54-9A1E7A4F7556}") = "ObservableViewSample", "Samples\ObservableViewSample\ObservableViewSample.csproj", "{23452C3B-4326-4E1D-8317-8EF6C03CCA29}"
EndProject
Global
	GlobalSection(SolutionConfigurationPlatforms) = preSolution
		Ad-Hoc|Any CPU = Ad-Hoc|Any CPU
		Ad-Hoc|ARM = Ad-Hoc|ARM
		Ad-Hoc|iPhone = Ad-Hoc|iPhone
		Ad-Hoc|iPhoneSimulator = Ad-Hoc|iPhoneSimulator
		Ad-Hoc|x64 = Ad-Hoc|x64
		Ad-Hoc|x86 = Ad-Hoc|x86
		AppStore|Any CPU = AppStore|Any CPU
		AppStore|ARM = AppStore|ARM
		AppStore|iPhone = AppStore|iPhone
		AppStore|iPhoneSimulator = AppStore|iPhoneSimulator
		AppStore|x64 = AppStore|x64
		AppStore|x86 = AppStore|x86
		Debug|Any CPU = Debug|Any CPU
		Debug|ARM = Debug|ARM
		Debug|iPhone = Debug|iPhone
		Debug|iPhoneSimulator = Debug|iPhoneSimulator
		Debug|x64 = Debug|x64
		Debug|x86 = Debug|x86
		Release|Any CPU = Release|Any CPU
		Release|ARM = Release|ARM
		Release|iPhone = Release|iPhone
		Release|iPhoneSimulator = Release|iPhoneSimulator
		Release|x64 = Release|x64
		Release|x86 = Release|x86
	EndGlobalSection
	GlobalSection(ProjectConfigurationPlatforms) = postSolution
		{C99D79B8-EB49-4F3D-94EE-B7D0F172CB75}.Ad-Hoc|Any CPU.ActiveCfg = Release|Any CPU
		{C99D79B8-EB49-4F3D-94EE-B7D0F172CB75}.Ad-Hoc|Any CPU.Build.0 = Release|Any CPU
		{C99D79B8-EB49-4F3D-94EE-B7D0F172CB75}.Ad-Hoc|ARM.ActiveCfg = Release|Any CPU
		{C99D79B8-EB49-4F3D-94EE-B7D0F172CB75}.Ad-Hoc|ARM.Build.0 = Release|Any CPU
		{C99D79B8-EB49-4F3D-94EE-B7D0F172CB75}.Ad-Hoc|iPhone.ActiveCfg = Release|Any CPU
		{C99D79B8-EB49-4F3D-94EE-B7D0F172CB75}.Ad-Hoc|iPhone.Build.0 = Release|Any CPU
		{C99D79B8-EB49-4F3D-94EE-B7D0F172CB75}.Ad-Hoc|iPhoneSimulator.ActiveCfg = Release|Any CPU
		{C99D79B8-EB49-4F3D-94EE-B7D0F172CB75}.Ad-Hoc|iPhoneSimulator.Build.0 = Release|Any CPU
		{C99D79B8-EB49-4F3D-94EE-B7D0F172CB75}.Ad-Hoc|x64.ActiveCfg = Release|Any CPU
		{C99D79B8-EB49-4F3D-94EE-B7D0F172CB75}.Ad-Hoc|x64.Build.0 = Release|Any CPU
		{C99D79B8-EB49-4F3D-94EE-B7D0F172CB75}.Ad-Hoc|x86.ActiveCfg = Release|Any CPU
		{C99D79B8-EB49-4F3D-94EE-B7D0F172CB75}.Ad-Hoc|x86.Build.0 = Release|Any CPU
		{C99D79B8-EB49-4F3D-94EE-B7D0F172CB75}.AppStore|Any CPU.ActiveCfg = Release|Any CPU
		{C99D79B8-EB49-4F3D-94EE-B7D0F172CB75}.AppStore|Any CPU.Build.0 = Release|Any CPU
		{C99D79B8-EB49-4F3D-94EE-B7D0F172CB75}.AppStore|ARM.ActiveCfg = Release|Any CPU
		{C99D79B8-EB49-4F3D-94EE-B7D0F172CB75}.AppStore|ARM.Build.0 = Release|Any CPU
		{C99D79B8-EB49-4F3D-94EE-B7D0F172CB75}.AppStore|iPhone.ActiveCfg = Release|Any CPU
		{C99D79B8-EB49-4F3D-94EE-B7D0F172CB75}.AppStore|iPhone.Build.0 = Release|Any CPU
		{C99D79B8-EB49-4F3D-94EE-B7D0F172CB75}.AppStore|iPhoneSimulator.ActiveCfg = Release|Any CPU
		{C99D79B8-EB49-4F3D-94EE-B7D0F172CB75}.AppStore|iPhoneSimulator.Build.0 = Release|Any CPU
		{C99D79B8-EB49-4F3D-94EE-B7D0F172CB75}.AppStore|x64.ActiveCfg = Release|Any CPU
		{C99D79B8-EB49-4F3D-94EE-B7D0F172CB75}.AppStore|x64.Build.0 = Release|Any CPU
		{C99D79B8-EB49-4F3D-94EE-B7D0F172CB75}.AppStore|x86.ActiveCfg = Release|Any CPU
		{C99D79B8-EB49-4F3D-94EE-B7D0F172CB75}.AppStore|x86.Build.0 = Release|Any CPU
		{C99D79B8-EB49-4F3D-94EE-B7D0F172CB75}.Debug|Any CPU.ActiveCfg = Debug|Any CPU
		{C99D79B8-EB49-4F3D-94EE-B7D0F172CB75}.Debug|Any CPU.Build.0 = Debug|Any CPU
		{C99D79B8-EB49-4F3D-94EE-B7D0F172CB75}.Debug|ARM.ActiveCfg = Debug|Any CPU
		{C99D79B8-EB49-4F3D-94EE-B7D0F172CB75}.Debug|iPhone.ActiveCfg = Debug|Any CPU
		{C99D79B8-EB49-4F3D-94EE-B7D0F172CB75}.Debug|iPhone.Build.0 = Debug|Any CPU
		{C99D79B8-EB49-4F3D-94EE-B7D0F172CB75}.Debug|iPhoneSimulator.ActiveCfg = Debug|Any CPU
		{C99D79B8-EB49-4F3D-94EE-B7D0F172CB75}.Debug|iPhoneSimulator.Build.0 = Debug|Any CPU
		{C99D79B8-EB49-4F3D-94EE-B7D0F172CB75}.Debug|x64.ActiveCfg = Debug|Any CPU
		{C99D79B8-EB49-4F3D-94EE-B7D0F172CB75}.Debug|x86.ActiveCfg = Debug|Any CPU
		{C99D79B8-EB49-4F3D-94EE-B7D0F172CB75}.Release|Any CPU.ActiveCfg = Release|Any CPU
		{C99D79B8-EB49-4F3D-94EE-B7D0F172CB75}.Release|Any CPU.Build.0 = Release|Any CPU
		{C99D79B8-EB49-4F3D-94EE-B7D0F172CB75}.Release|ARM.ActiveCfg = Release|Any CPU
		{C99D79B8-EB49-4F3D-94EE-B7D0F172CB75}.Release|iPhone.ActiveCfg = Release|Any CPU
		{C99D79B8-EB49-4F3D-94EE-B7D0F172CB75}.Release|iPhone.Build.0 = Release|Any CPU
		{C99D79B8-EB49-4F3D-94EE-B7D0F172CB75}.Release|iPhoneSimulator.ActiveCfg = Release|Any CPU
		{C99D79B8-EB49-4F3D-94EE-B7D0F172CB75}.Release|iPhoneSimulator.Build.0 = Release|Any CPU
		{C99D79B8-EB49-4F3D-94EE-B7D0F172CB75}.Release|x64.ActiveCfg = Release|Any CPU
		{C99D79B8-EB49-4F3D-94EE-B7D0F172CB75}.Release|x86.ActiveCfg = Release|Any CPU
		{438799A2-BCC0-458D-88DC-E41A1C82AF22}.Ad-Hoc|Any CPU.ActiveCfg = Release|Any CPU
		{438799A2-BCC0-458D-88DC-E41A1C82AF22}.Ad-Hoc|Any CPU.Build.0 = Release|Any CPU
		{438799A2-BCC0-458D-88DC-E41A1C82AF22}.Ad-Hoc|ARM.ActiveCfg = Release|Any CPU
		{438799A2-BCC0-458D-88DC-E41A1C82AF22}.Ad-Hoc|ARM.Build.0 = Release|Any CPU
		{438799A2-BCC0-458D-88DC-E41A1C82AF22}.Ad-Hoc|iPhone.ActiveCfg = Release|Any CPU
		{438799A2-BCC0-458D-88DC-E41A1C82AF22}.Ad-Hoc|iPhone.Build.0 = Release|Any CPU
		{438799A2-BCC0-458D-88DC-E41A1C82AF22}.Ad-Hoc|iPhoneSimulator.ActiveCfg = Release|Any CPU
		{438799A2-BCC0-458D-88DC-E41A1C82AF22}.Ad-Hoc|iPhoneSimulator.Build.0 = Release|Any CPU
		{438799A2-BCC0-458D-88DC-E41A1C82AF22}.Ad-Hoc|x64.ActiveCfg = Release|Any CPU
		{438799A2-BCC0-458D-88DC-E41A1C82AF22}.Ad-Hoc|x64.Build.0 = Release|Any CPU
		{438799A2-BCC0-458D-88DC-E41A1C82AF22}.Ad-Hoc|x86.ActiveCfg = Release|Any CPU
		{438799A2-BCC0-458D-88DC-E41A1C82AF22}.Ad-Hoc|x86.Build.0 = Release|Any CPU
		{438799A2-BCC0-458D-88DC-E41A1C82AF22}.AppStore|Any CPU.ActiveCfg = Release|Any CPU
		{438799A2-BCC0-458D-88DC-E41A1C82AF22}.AppStore|Any CPU.Build.0 = Release|Any CPU
		{438799A2-BCC0-458D-88DC-E41A1C82AF22}.AppStore|ARM.ActiveCfg = Release|Any CPU
		{438799A2-BCC0-458D-88DC-E41A1C82AF22}.AppStore|ARM.Build.0 = Release|Any CPU
		{438799A2-BCC0-458D-88DC-E41A1C82AF22}.AppStore|iPhone.ActiveCfg = Release|Any CPU
		{438799A2-BCC0-458D-88DC-E41A1C82AF22}.AppStore|iPhone.Build.0 = Release|Any CPU
		{438799A2-BCC0-458D-88DC-E41A1C82AF22}.AppStore|iPhoneSimulator.ActiveCfg = Release|Any CPU
		{438799A2-BCC0-458D-88DC-E41A1C82AF22}.AppStore|iPhoneSimulator.Build.0 = Release|Any CPU
		{438799A2-BCC0-458D-88DC-E41A1C82AF22}.AppStore|x64.ActiveCfg = Release|Any CPU
		{438799A2-BCC0-458D-88DC-E41A1C82AF22}.AppStore|x64.Build.0 = Release|Any CPU
		{438799A2-BCC0-458D-88DC-E41A1C82AF22}.AppStore|x86.ActiveCfg = Release|Any CPU
		{438799A2-BCC0-458D-88DC-E41A1C82AF22}.AppStore|x86.Build.0 = Release|Any CPU
		{438799A2-BCC0-458D-88DC-E41A1C82AF22}.Debug|Any CPU.ActiveCfg = Debug|Any CPU
		{438799A2-BCC0-458D-88DC-E41A1C82AF22}.Debug|Any CPU.Build.0 = Debug|Any CPU
		{438799A2-BCC0-458D-88DC-E41A1C82AF22}.Debug|ARM.ActiveCfg = Debug|Any CPU
		{438799A2-BCC0-458D-88DC-E41A1C82AF22}.Debug|iPhone.ActiveCfg = Debug|Any CPU
		{438799A2-BCC0-458D-88DC-E41A1C82AF22}.Debug|iPhone.Build.0 = Debug|Any CPU
		{438799A2-BCC0-458D-88DC-E41A1C82AF22}.Debug|iPhoneSimulator.ActiveCfg = Debug|Any CPU
		{438799A2-BCC0-458D-88DC-E41A1C82AF22}.Debug|iPhoneSimulator.Build.0 = Debug|Any CPU
		{438799A2-BCC0-458D-88DC-E41A1C82AF22}.Debug|x64.ActiveCfg = Debug|Any CPU
		{438799A2-BCC0-458D-88DC-E41A1C82AF22}.Debug|x86.ActiveCfg = Debug|Any CPU
		{438799A2-BCC0-458D-88DC-E41A1C82AF22}.Release|Any CPU.ActiveCfg = Release|Any CPU
		{438799A2-BCC0-458D-88DC-E41A1C82AF22}.Release|Any CPU.Build.0 = Release|Any CPU
		{438799A2-BCC0-458D-88DC-E41A1C82AF22}.Release|ARM.ActiveCfg = Release|Any CPU
		{438799A2-BCC0-458D-88DC-E41A1C82AF22}.Release|iPhone.ActiveCfg = Release|Any CPU
		{438799A2-BCC0-458D-88DC-E41A1C82AF22}.Release|iPhone.Build.0 = Release|Any CPU
		{438799A2-BCC0-458D-88DC-E41A1C82AF22}.Release|iPhoneSimulator.ActiveCfg = Release|Any CPU
		{438799A2-BCC0-458D-88DC-E41A1C82AF22}.Release|iPhoneSimulator.Build.0 = Release|Any CPU
		{438799A2-BCC0-458D-88DC-E41A1C82AF22}.Release|x64.ActiveCfg = Release|Any CPU
		{438799A2-BCC0-458D-88DC-E41A1C82AF22}.Release|x86.ActiveCfg = Release|Any CPU
		{F6ED6A22-FDBA-41B6-B22C-64345ED5E63D}.Ad-Hoc|Any CPU.ActiveCfg = Debug|Any CPU
		{F6ED6A22-FDBA-41B6-B22C-64345ED5E63D}.Ad-Hoc|Any CPU.Build.0 = Debug|Any CPU
		{F6ED6A22-FDBA-41B6-B22C-64345ED5E63D}.Ad-Hoc|ARM.ActiveCfg = Debug|Any CPU
		{F6ED6A22-FDBA-41B6-B22C-64345ED5E63D}.Ad-Hoc|ARM.Build.0 = Debug|Any CPU
		{F6ED6A22-FDBA-41B6-B22C-64345ED5E63D}.Ad-Hoc|iPhone.ActiveCfg = Debug|Any CPU
		{F6ED6A22-FDBA-41B6-B22C-64345ED5E63D}.Ad-Hoc|iPhone.Build.0 = Debug|Any CPU
		{F6ED6A22-FDBA-41B6-B22C-64345ED5E63D}.Ad-Hoc|iPhoneSimulator.ActiveCfg = Debug|Any CPU
		{F6ED6A22-FDBA-41B6-B22C-64345ED5E63D}.Ad-Hoc|iPhoneSimulator.Build.0 = Debug|Any CPU
		{F6ED6A22-FDBA-41B6-B22C-64345ED5E63D}.Ad-Hoc|x64.ActiveCfg = Debug|Any CPU
		{F6ED6A22-FDBA-41B6-B22C-64345ED5E63D}.Ad-Hoc|x64.Build.0 = Debug|Any CPU
		{F6ED6A22-FDBA-41B6-B22C-64345ED5E63D}.Ad-Hoc|x86.ActiveCfg = Debug|Any CPU
		{F6ED6A22-FDBA-41B6-B22C-64345ED5E63D}.Ad-Hoc|x86.Build.0 = Debug|Any CPU
		{F6ED6A22-FDBA-41B6-B22C-64345ED5E63D}.AppStore|Any CPU.ActiveCfg = Debug|Any CPU
		{F6ED6A22-FDBA-41B6-B22C-64345ED5E63D}.AppStore|Any CPU.Build.0 = Debug|Any CPU
		{F6ED6A22-FDBA-41B6-B22C-64345ED5E63D}.AppStore|ARM.ActiveCfg = Debug|Any CPU
		{F6ED6A22-FDBA-41B6-B22C-64345ED5E63D}.AppStore|ARM.Build.0 = Debug|Any CPU
		{F6ED6A22-FDBA-41B6-B22C-64345ED5E63D}.AppStore|iPhone.ActiveCfg = Debug|Any CPU
		{F6ED6A22-FDBA-41B6-B22C-64345ED5E63D}.AppStore|iPhone.Build.0 = Debug|Any CPU
		{F6ED6A22-FDBA-41B6-B22C-64345ED5E63D}.AppStore|iPhoneSimulator.ActiveCfg = Debug|Any CPU
		{F6ED6A22-FDBA-41B6-B22C-64345ED5E63D}.AppStore|iPhoneSimulator.Build.0 = Debug|Any CPU
		{F6ED6A22-FDBA-41B6-B22C-64345ED5E63D}.AppStore|x64.ActiveCfg = Debug|Any CPU
		{F6ED6A22-FDBA-41B6-B22C-64345ED5E63D}.AppStore|x64.Build.0 = Debug|Any CPU
		{F6ED6A22-FDBA-41B6-B22C-64345ED5E63D}.AppStore|x86.ActiveCfg = Debug|Any CPU
		{F6ED6A22-FDBA-41B6-B22C-64345ED5E63D}.AppStore|x86.Build.0 = Debug|Any CPU
		{F6ED6A22-FDBA-41B6-B22C-64345ED5E63D}.Debug|Any CPU.ActiveCfg = Debug|Any CPU
		{F6ED6A22-FDBA-41B6-B22C-64345ED5E63D}.Debug|Any CPU.Build.0 = Debug|Any CPU
		{F6ED6A22-FDBA-41B6-B22C-64345ED5E63D}.Debug|ARM.ActiveCfg = Debug|Any CPU
		{F6ED6A22-FDBA-41B6-B22C-64345ED5E63D}.Debug|ARM.Build.0 = Debug|Any CPU
		{F6ED6A22-FDBA-41B6-B22C-64345ED5E63D}.Debug|iPhone.ActiveCfg = Debug|Any CPU
		{F6ED6A22-FDBA-41B6-B22C-64345ED5E63D}.Debug|iPhone.Build.0 = Debug|Any CPU
		{F6ED6A22-FDBA-41B6-B22C-64345ED5E63D}.Debug|iPhoneSimulator.ActiveCfg = Debug|Any CPU
		{F6ED6A22-FDBA-41B6-B22C-64345ED5E63D}.Debug|iPhoneSimulator.Build.0 = Debug|Any CPU
		{F6ED6A22-FDBA-41B6-B22C-64345ED5E63D}.Debug|x64.ActiveCfg = Debug|Any CPU
		{F6ED6A22-FDBA-41B6-B22C-64345ED5E63D}.Debug|x64.Build.0 = Debug|Any CPU
		{F6ED6A22-FDBA-41B6-B22C-64345ED5E63D}.Debug|x86.ActiveCfg = Debug|Any CPU
		{F6ED6A22-FDBA-41B6-B22C-64345ED5E63D}.Debug|x86.Build.0 = Debug|Any CPU
		{F6ED6A22-FDBA-41B6-B22C-64345ED5E63D}.Release|Any CPU.ActiveCfg = Release|Any CPU
		{F6ED6A22-FDBA-41B6-B22C-64345ED5E63D}.Release|Any CPU.Build.0 = Release|Any CPU
		{F6ED6A22-FDBA-41B6-B22C-64345ED5E63D}.Release|ARM.ActiveCfg = Release|Any CPU
		{F6ED6A22-FDBA-41B6-B22C-64345ED5E63D}.Release|ARM.Build.0 = Release|Any CPU
		{F6ED6A22-FDBA-41B6-B22C-64345ED5E63D}.Release|iPhone.ActiveCfg = Release|Any CPU
		{F6ED6A22-FDBA-41B6-B22C-64345ED5E63D}.Release|iPhone.Build.0 = Release|Any CPU
		{F6ED6A22-FDBA-41B6-B22C-64345ED5E63D}.Release|iPhoneSimulator.ActiveCfg = Release|Any CPU
		{F6ED6A22-FDBA-41B6-B22C-64345ED5E63D}.Release|iPhoneSimulator.Build.0 = Release|Any CPU
		{F6ED6A22-FDBA-41B6-B22C-64345ED5E63D}.Release|x64.ActiveCfg = Release|Any CPU
		{F6ED6A22-FDBA-41B6-B22C-64345ED5E63D}.Release|x64.Build.0 = Release|Any CPU
		{F6ED6A22-FDBA-41B6-B22C-64345ED5E63D}.Release|x86.ActiveCfg = Release|Any CPU
		{F6ED6A22-FDBA-41B6-B22C-64345ED5E63D}.Release|x86.Build.0 = Release|Any CPU
		{23452C3B-4326-4E1D-8317-8EF6C03CCA29}.Ad-Hoc|Any CPU.ActiveCfg = Debug|Any CPU
		{23452C3B-4326-4E1D-8317-8EF6C03CCA29}.Ad-Hoc|Any CPU.Build.0 = Debug|Any CPU
		{23452C3B-4326-4E1D-8317-8EF6C03CCA29}.Ad-Hoc|ARM.ActiveCfg = Debug|Any CPU
		{23452C3B-4326-4E1D-8317-8EF6C03CCA29}.Ad-Hoc|ARM.Build.0 = Debug|Any CPU
		{23452C3B-4326-4E1D-8317-8EF6C03CCA29}.Ad-Hoc|iPhone.ActiveCfg = Debug|Any CPU
		{23452C3B-4326-4E1D-8317-8EF6C03CCA29}.Ad-Hoc|iPhone.Build.0 = Debug|Any CPU
		{23452C3B-4326-4E1D-8317-8EF6C03CCA29}.Ad-Hoc|iPhoneSimulator.ActiveCfg = Debug|Any CPU
		{23452C3B-4326-4E1D-8317-8EF6C03CCA29}.Ad-Hoc|iPhoneSimulator.Build.0 = Debug|Any CPU
		{23452C3B-4326-4E1D-8317-8EF6C03CCA29}.Ad-Hoc|x64.ActiveCfg = Debug|Any CPU
		{23452C3B-4326-4E1D-8317-8EF6C03CCA29}.Ad-Hoc|x64.Build.0 = Debug|Any CPU
		{23452C3B-4326-4E1D-8317-8EF6C03CCA29}.Ad-Hoc|x86.ActiveCfg = Debug|Any CPU
		{23452C3B-4326-4E1D-8317-8EF6C03CCA29}.Ad-Hoc|x86.Build.0 = Debug|Any CPU
		{23452C3B-4326-4E1D-8317-8EF6C03CCA29}.AppStore|Any CPU.ActiveCfg = Debug|Any CPU
		{23452C3B-4326-4E1D-8317-8EF6C03CCA29}.AppStore|Any CPU.Build.0 = Debug|Any CPU
		{23452C3B-4326-4E1D-8317-8EF6C03CCA29}.AppStore|ARM.ActiveCfg = Debug|Any CPU
		{23452C3B-4326-4E1D-8317-8EF6C03CCA29}.AppStore|ARM.Build.0 = Debug|Any CPU
		{23452C3B-4326-4E1D-8317-8EF6C03CCA29}.AppStore|iPhone.ActiveCfg = Debug|Any CPU
		{23452C3B-4326-4E1D-8317-8EF6C03CCA29}.AppStore|iPhone.Build.0 = Debug|Any CPU
		{23452C3B-4326-4E1D-8317-8EF6C03CCA29}.AppStore|iPhoneSimulator.ActiveCfg = Debug|Any CPU
		{23452C3B-4326-4E1D-8317-8EF6C03CCA29}.AppStore|iPhoneSimulator.Build.0 = Debug|Any CPU
		{23452C3B-4326-4E1D-8317-8EF6C03CCA29}.AppStore|x64.ActiveCfg = Debug|Any CPU
		{23452C3B-4326-4E1D-8317-8EF6C03CCA29}.AppStore|x64.Build.0 = Debug|Any CPU
		{23452C3B-4326-4E1D-8317-8EF6C03CCA29}.AppStore|x86.ActiveCfg = Debug|Any CPU
		{23452C3B-4326-4E1D-8317-8EF6C03CCA29}.AppStore|x86.Build.0 = Debug|Any CPU
		{23452C3B-4326-4E1D-8317-8EF6C03CCA29}.Debug|Any CPU.ActiveCfg = Debug|Any CPU
		{23452C3B-4326-4E1D-8317-8EF6C03CCA29}.Debug|Any CPU.Build.0 = Debug|Any CPU
		{23452C3B-4326-4E1D-8317-8EF6C03CCA29}.Debug|ARM.ActiveCfg = Debug|Any CPU
		{23452C3B-4326-4E1D-8317-8EF6C03CCA29}.Debug|ARM.Build.0 = Debug|Any CPU
		{23452C3B-4326-4E1D-8317-8EF6C03CCA29}.Debug|iPhone.ActiveCfg = Debug|Any CPU
		{23452C3B-4326-4E1D-8317-8EF6C03CCA29}.Debug|iPhone.Build.0 = Debug|Any CPU
		{23452C3B-4326-4E1D-8317-8EF6C03CCA29}.Debug|iPhoneSimulator.ActiveCfg = Debug|Any CPU
		{23452C3B-4326-4E1D-8317-8EF6C03CCA29}.Debug|iPhoneSimulator.Build.0 = Debug|Any CPU
		{23452C3B-4326-4E1D-8317-8EF6C03CCA29}.Debug|x64.ActiveCfg = Debug|Any CPU
		{23452C3B-4326-4E1D-8317-8EF6C03CCA29}.Debug|x64.Build.0 = Debug|Any CPU
		{23452C3B-4326-4E1D-8317-8EF6C03CCA29}.Debug|x86.ActiveCfg = Debug|Any CPU
		{23452C3B-4326-4E1D-8317-8EF6C03CCA29}.Debug|x86.Build.0 = Debug|Any CPU
		{23452C3B-4326-4E1D-8317-8EF6C03CCA29}.Release|Any CPU.ActiveCfg = Release|Any CPU
		{23452C3B-4326-4E1D-8317-8EF6C03CCA29}.Release|Any CPU.Build.0 = Release|Any CPU
		{23452C3B-4326-4E1D-8317-8EF6C03CCA29}.Release|ARM.ActiveCfg = Release|Any CPU
		{23452C3B-4326-4E1D-8317-8EF6C03CCA29}.Release|ARM.Build.0 = Release|Any CPU
		{23452C3B-4326-4E1D-8317-8EF6C03CCA29}.Release|iPhone.ActiveCfg = Release|Any CPU
		{23452C3B-4326-4E1D-8317-8EF6C03CCA29}.Release|iPhone.Build.0 = Release|Any CPU
		{23452C3B-4326-4E1D-8317-8EF6C03CCA29}.Release|iPhoneSimulator.ActiveCfg = Release|Any CPU
		{23452C3B-4326-4E1D-8317-8EF6C03CCA29}.Release|iPhoneSimulator.Build.0 = Release|Any CPU
		{23452C3B-4326-4E1D-8317-8EF6C03CCA29}.Release|x64.ActiveCfg = Release|Any CPU
		{23452C3B-4326-4E1D-8317-8EF6C03CCA29}.Release|x64.Build.0 = Release|Any CPU
		{23452C3B-4326-4E1D-8317-8EF6C03CCA29}.Release|x86.ActiveCfg = Release|Any CPU
		{23452C3B-4326-4E1D-8317-8EF6C03CCA29}.Release|x86.Build.0 = Release|Any CPU
	EndGlobalSection
	GlobalSection(SolutionProperties) = preSolution
		HideSolutionNode = FALSE
	EndGlobalSection
	GlobalSection(NestedProjects) = preSolution
		{C99D79B8-EB49-4F3D-94EE-B7D0F172CB75} = {533683F1-B92C-4149-A2AD-6045623BC6D8}
		{438799A2-BCC0-458D-88DC-E41A1C82AF22} = {6A8A489A-4C74-498F-9664-DDB7600F8AC5}
		{23452C3B-4326-4E1D-8317-8EF6C03CCA29} = {6A8A489A-4C74-498F-9664-DDB7600F8AC5}
	EndGlobalSection
	GlobalSection(ExtensibilityGlobals) = postSolution
		SolutionGuid = {FABF67E7-55E1-4F00-8CF1-EE2E6E6ABE80}
	EndGlobalSection
EndGlobal
